
Microsoft Visual Studio Solution File, Format Version 12.00
# Visual Studio Version 17
VisualStudioVersion = 17.2.32519.379
MinimumVisualStudioVersion = 10.0.40219.1
Project("{9A19103F-16F7-4668-BE54-9A1E7A4F7556}") = "Memory Game", "Memory Matching Game\Memory Game.csproj", "{4F1FAF75-717C-4400-8340-0CD6DA6C51EA}"
EndProject
Global
	GlobalSection(SolutionConfigurationPlatforms) = preSolution
		Debug|Any CPU = Debug|Any CPU
		Release|Any CPU = Release|Any CPU
	EndGlobalSection
	GlobalSection(ProjectConfigurationPlatforms) = postSolution
		{4F1FAF75-717C-4400-8340-0CD6DA6C51EA}.Debug|Any CPU.ActiveCfg = Debug|Any CPU
		{4F1FAF75-717C-4400-8340-0CD6DA6C51EA}.Debug|Any CPU.Build.0 = Debug|Any CPU
		{4F1FAF75-717C-4400-8340-0CD6DA6C51EA}.Release|Any CPU.ActiveCfg = Release|Any CPU
		{4F1FAF75-717C-4400-8340-0CD6DA6C51EA}.Release|Any CPU.Build.0 = Release|Any CPU
	EndGlobalSection
	GlobalSection(SolutionProperties) = preSolution
		HideSolutionNode = FALSE
	EndGlobalSection
	GlobalSection(ExtensibilityGlobals) = postSolution
		SolutionGuid = {FA615506-6437-44BD-910B-16F358AA84EE}
	EndGlobalSection
EndGlobal
